
Microsoft Visual Studio Solution File, Format Version 12.00
# Visual Studio Version 16
VisualStudioVersion = 16.0.30621.155
MinimumVisualStudioVersion = 10.0.40219.1
Project("{FAE04EC0-301F-11D3-BF4B-00C04F79EFBC}") = "LTCSDL-IT81-LINQ", "LTCSDL-IT81-LINQ\LTCSDL-IT81-LINQ.csproj", "{AC5E8BCB-4D80-42E8-9C1A-3ACFCBE1FC7C}"
EndProject
Global
	GlobalSection(SolutionConfigurationPlatforms) = preSolution
		Debug|Any CPU = Debug|Any CPU
		Release|Any CPU = Release|Any CPU
	EndGlobalSection
	GlobalSection(ProjectConfigurationPlatforms) = postSolution
		{AC5E8BCB-4D80-42E8-9C1A-3ACFCBE1FC7C}.Debug|Any CPU.ActiveCfg = Debug|Any CPU
		{AC5E8BCB-4D80-42E8-9C1A-3ACFCBE1FC7C}.Debug|Any CPU.Build.0 = Debug|Any CPU
		{AC5E8BCB-4D80-42E8-9C1A-3ACFCBE1FC7C}.Release|Any CPU.ActiveCfg = Release|Any CPU
		{AC5E8BCB-4D80-42E8-9C1A-3ACFCBE1FC7C}.Release|Any CPU.Build.0 = Release|Any CPU
	EndGlobalSection
	GlobalSection(SolutionProperties) = preSolution
		HideSolutionNode = FALSE
	EndGlobalSection
	GlobalSection(ExtensibilityGlobals) = postSolution
		SolutionGuid = {99B10C1C-8AAC-4C3A-8482-95C803ABEC09}
	EndGlobalSection
EndGlobal
